
Microsoft Visual Studio Solution File, Format Version 12.00
# Visual Studio Version 16
VisualStudioVersion = 16.0.30907.101
MinimumVisualStudioVersion = 10.0.40219.1
Project("{FAE04EC0-301F-11D3-BF4B-00C04F79EFBC}") = "Kampİntro", "Kampİntro\Kampİntro.csproj", "{D972A251-0345-4C82-AA1A-7E4EF5919494}"
EndProject
Project("{FAE04EC0-301F-11D3-BF4B-00C04F79EFBC}") = "Döngüler", "Döngüler\Döngüler.csproj", "{6AF681D5-089A-488B-8081-76ABD7810C61}"
EndProject
Project("{FAE04EC0-301F-11D3-BF4B-00C04F79EFBC}") = "Classİntro", "Classİntro\Classİntro.csproj", "{DB44BFD5-7ACA-42F6-BEE7-30C88E68F908}"
EndProject
Project("{FAE04EC0-301F-11D3-BF4B-00C04F79EFBC}") = "Metotlar", "Metotlar\Metotlar.csproj", "{86B706E6-767F-4534-811F-D775C59226C2}"
EndProject
Project("{FAE04EC0-301F-11D3-BF4B-00C04F79EFBC}") = "Matematik", "Matematik\Matematik.csproj", "{FA45D27E-8A8E-48AD-9C8B-682A92D51732}"
EndProject
Project("{FAE04EC0-301F-11D3-BF4B-00C04F79EFBC}") = "DegerVeReferansTipler", "DegerVeReferansTipler\DegerVeReferansTipler.csproj", "{B19B5326-C6EB-47F0-BAF2-D0BC81FB0841}"
EndProject
Global
	GlobalSection(SolutionConfigurationPlatforms) = preSolution
		Debug|Any CPU = Debug|Any CPU
		Release|Any CPU = Release|Any CPU
	EndGlobalSection
	GlobalSection(ProjectConfigurationPlatforms) = postSolution
		{D972A251-0345-4C82-AA1A-7E4EF5919494}.Debug|Any CPU.ActiveCfg = Debug|Any CPU
		{D972A251-0345-4C82-AA1A-7E4EF5919494}.Debug|Any CPU.Build.0 = Debug|Any CPU
		{D972A251-0345-4C82-AA1A-7E4EF5919494}.Release|Any CPU.ActiveCfg = Release|Any CPU
		{D972A251-0345-4C82-AA1A-7E4EF5919494}.Release|Any CPU.Build.0 = Release|Any CPU
		{6AF681D5-089A-488B-8081-76ABD7810C61}.Debug|Any CPU.ActiveCfg = Debug|Any CPU
		{6AF681D5-089A-488B-8081-76ABD7810C61}.Debug|Any CPU.Build.0 = Debug|Any CPU
		{6AF681D5-089A-488B-8081-76ABD7810C61}.Release|Any CPU.ActiveCfg = Release|Any CPU
		{6AF681D5-089A-488B-8081-76ABD7810C61}.Release|Any CPU.Build.0 = Release|Any CPU
		{DB44BFD5-7ACA-42F6-BEE7-30C88E68F908}.Debug|Any CPU.ActiveCfg = Debug|Any CPU
		{DB44BFD5-7ACA-42F6-BEE7-30C88E68F908}.Debug|Any CPU.Build.0 = Debug|Any CPU
		{DB44BFD5-7ACA-42F6-BEE7-30C88E68F908}.Release|Any CPU.ActiveCfg = Release|Any CPU
		{DB44BFD5-7ACA-42F6-BEE7-30C88E68F908}.Release|Any CPU.Build.0 = Release|Any CPU
		{86B706E6-767F-4534-811F-D775C59226C2}.Debug|Any CPU.ActiveCfg = Debug|Any CPU
		{86B706E6-767F-4534-811F-D775C59226C2}.Debug|Any CPU.Build.0 = Debug|Any CPU
		{86B706E6-767F-4534-811F-D775C59226C2}.Release|Any CPU.ActiveCfg = Release|Any CPU
		{86B706E6-767F-4534-811F-D775C59226C2}.Release|Any CPU.Build.0 = Release|Any CPU
		{FA45D27E-8A8E-48AD-9C8B-682A92D51732}.Debug|Any CPU.ActiveCfg = Debug|Any CPU
		{FA45D27E-8A8E-48AD-9C8B-682A92D51732}.Debug|Any CPU.Build.0 = Debug|Any CPU
		{FA45D27E-8A8E-48AD-9C8B-682A92D51732}.Release|Any CPU.ActiveCfg = Release|Any CPU
		{FA45D27E-8A8E-48AD-9C8B-682A92D51732}.Release|Any CPU.Build.0 = Release|Any CPU
		{B19B5326-C6EB-47F0-BAF2-D0BC81FB0841}.Debug|Any CPU.ActiveCfg = Debug|Any CPU
		{B19B5326-C6EB-47F0-BAF2-D0BC81FB0841}.Debug|Any CPU.Build.0 = Debug|Any CPU
		{B19B5326-C6EB-47F0-BAF2-D0BC81FB0841}.Release|Any CPU.ActiveCfg = Release|Any CPU
		{B19B5326-C6EB-47F0-BAF2-D0BC81FB0841}.Release|Any CPU.Build.0 = Release|Any CPU
	EndGlobalSection
	GlobalSection(SolutionProperties) = preSolution
		HideSolutionNode = FALSE
	EndGlobalSection
	GlobalSection(ExtensibilityGlobals) = postSolution
		SolutionGuid = {8B6D7BF3-9AF1-43EC-98B9-B06B045428A5}
	EndGlobalSection
EndGlobal
