
Microsoft Visual Studio Solution File, Format Version 12.00
# Visual Studio Version 16
VisualStudioVersion = 16.0.30907.101
MinimumVisualStudioVersion = 10.0.40219.1
Project("{9A19103F-16F7-4668-BE54-9A1E7A4F7556}") = "Kampİntro", "Kampİntro\Kampİntro.csproj", "{D972A251-0345-4C82-AA1A-7E4EF5919494}"
EndProject
Project("{9A19103F-16F7-4668-BE54-9A1E7A4F7556}") = "Döngüler", "Döngüler\Döngüler.csproj", "{6AF681D5-089A-488B-8081-76ABD7810C61}"
EndProject
Project("{9A19103F-16F7-4668-BE54-9A1E7A4F7556}") = "Classİntro", "Classİntro\Classİntro.csproj", "{DB44BFD5-7ACA-42F6-BEE7-30C88E68F908}"
EndProject
Project("{9A19103F-16F7-4668-BE54-9A1E7A4F7556}") = "Metotlar", "Metotlar\Metotlar.csproj", "{86B706E6-767F-4534-811F-D775C59226C2}"
EndProject
Project("{9A19103F-16F7-4668-BE54-9A1E7A4F7556}") = "Matematik", "Matematik\Matematik.csproj", "{FA45D27E-8A8E-48AD-9C8B-682A92D51732}"
EndProject
Project("{9A19103F-16F7-4668-BE54-9A1E7A4F7556}") = "DegerVeReferansTipler", "DegerVeReferansTipler\DegerVeReferansTipler.csproj", "{B19B5326-C6EB-47F0-BAF2-D0BC81FB0841}"
EndProject
Project("{9A19103F-16F7-4668-BE54-9A1E7A4F7556}") = "OOP1", "OOP1\OOP1.csproj", "{D4C7C838-AA65-40AD-AC0E-4C1DCB9C8E9A}"
EndProject
Project("{9A19103F-16F7-4668-BE54-9A1E7A4F7556}") = "Koleksiyonlar", "Koleksiyonlar\Koleksiyonlar.csproj", "{8C341C73-3E3E-4A4D-B6AA-A3462EC5C3F0}"
EndProject
Project("{9A19103F-16F7-4668-BE54-9A1E7A4F7556}") = "Genericsİntro", "Genericsİntro\Genericsİntro.csproj", "{71F511EA-0B41-40D0-BC5C-0407E24A91E9}"
EndProject
Project("{FAE04EC0-301F-11D3-BF4B-00C04F79EFBC}") = "ReferansTypes", "ReferansTypes\ReferansTypes.csproj", "{9DA22853-DDBA-440C-9967-894D184D9F73}"
EndProject
Project("{FAE04EC0-301F-11D3-BF4B-00C04F79EFBC}") = "Constructor", "Constructor\Constructor.csproj", "{92CEB9A9-9A30-4376-A66C-C93E6935CFA2}"
EndProject
Project("{FAE04EC0-301F-11D3-BF4B-00C04F79EFBC}") = "OOP2", "OOP2\OOP2.csproj", "{F2CFC985-C069-45F4-875E-DE500CD7714B}"
EndProject
Project("{FAE04EC0-301F-11D3-BF4B-00C04F79EFBC}") = "OOP3", "OOP3\OOP3.csproj", "{392BA3AF-5E87-4683-B6B9-276691D97C9E}"
EndProject
Global
	GlobalSection(SolutionConfigurationPlatforms) = preSolution
		Debug|Any CPU = Debug|Any CPU
		Release|Any CPU = Release|Any CPU
	EndGlobalSection
	GlobalSection(ProjectConfigurationPlatforms) = postSolution
		{D972A251-0345-4C82-AA1A-7E4EF5919494}.Debug|Any CPU.ActiveCfg = Debug|Any CPU
		{D972A251-0345-4C82-AA1A-7E4EF5919494}.Debug|Any CPU.Build.0 = Debug|Any CPU
		{D972A251-0345-4C82-AA1A-7E4EF5919494}.Release|Any CPU.ActiveCfg = Release|Any CPU
		{D972A251-0345-4C82-AA1A-7E4EF5919494}.Release|Any CPU.Build.0 = Release|Any CPU
		{6AF681D5-089A-488B-8081-76ABD7810C61}.Debug|Any CPU.ActiveCfg = Debug|Any CPU
		{6AF681D5-089A-488B-8081-76ABD7810C61}.Debug|Any CPU.Build.0 = Debug|Any CPU
		{6AF681D5-089A-488B-8081-76ABD7810C61}.Release|Any CPU.ActiveCfg = Release|Any CPU
		{6AF681D5-089A-488B-8081-76ABD7810C61}.Release|Any CPU.Build.0 = Release|Any CPU
		{DB44BFD5-7ACA-42F6-BEE7-30C88E68F908}.Debug|Any CPU.ActiveCfg = Debug|Any CPU
		{DB44BFD5-7ACA-42F6-BEE7-30C88E68F908}.Debug|Any CPU.Build.0 = Debug|Any CPU
		{DB44BFD5-7ACA-42F6-BEE7-30C88E68F908}.Release|Any CPU.ActiveCfg = Release|Any CPU
		{DB44BFD5-7ACA-42F6-BEE7-30C88E68F908}.Release|Any CPU.Build.0 = Release|Any CPU
		{86B706E6-767F-4534-811F-D775C59226C2}.Debug|Any CPU.ActiveCfg = Debug|Any CPU
		{86B706E6-767F-4534-811F-D775C59226C2}.Debug|Any CPU.Build.0 = Debug|Any CPU
		{86B706E6-767F-4534-811F-D775C59226C2}.Release|Any CPU.ActiveCfg = Release|Any CPU
		{86B706E6-767F-4534-811F-D775C59226C2}.Release|Any CPU.Build.0 = Release|Any CPU
		{FA45D27E-8A8E-48AD-9C8B-682A92D51732}.Debug|Any CPU.ActiveCfg = Debug|Any CPU
		{FA45D27E-8A8E-48AD-9C8B-682A92D51732}.Debug|Any CPU.Build.0 = Debug|Any CPU
		{FA45D27E-8A8E-48AD-9C8B-682A92D51732}.Release|Any CPU.ActiveCfg = Release|Any CPU
		{FA45D27E-8A8E-48AD-9C8B-682A92D51732}.Release|Any CPU.Build.0 = Release|Any CPU
		{B19B5326-C6EB-47F0-BAF2-D0BC81FB0841}.Debug|Any CPU.ActiveCfg = Debug|Any CPU
		{B19B5326-C6EB-47F0-BAF2-D0BC81FB0841}.Debug|Any CPU.Build.0 = Debug|Any CPU
		{B19B5326-C6EB-47F0-BAF2-D0BC81FB0841}.Release|Any CPU.ActiveCfg = Release|Any CPU
		{B19B5326-C6EB-47F0-BAF2-D0BC81FB0841}.Release|Any CPU.Build.0 = Release|Any CPU
		{D4C7C838-AA65-40AD-AC0E-4C1DCB9C8E9A}.Debug|Any CPU.ActiveCfg = Debug|Any CPU
		{D4C7C838-AA65-40AD-AC0E-4C1DCB9C8E9A}.Debug|Any CPU.Build.0 = Debug|Any CPU
		{D4C7C838-AA65-40AD-AC0E-4C1DCB9C8E9A}.Release|Any CPU.ActiveCfg = Release|Any CPU
		{D4C7C838-AA65-40AD-AC0E-4C1DCB9C8E9A}.Release|Any CPU.Build.0 = Release|Any CPU
		{8C341C73-3E3E-4A4D-B6AA-A3462EC5C3F0}.Debug|Any CPU.ActiveCfg = Debug|Any CPU
		{8C341C73-3E3E-4A4D-B6AA-A3462EC5C3F0}.Debug|Any CPU.Build.0 = Debug|Any CPU
		{8C341C73-3E3E-4A4D-B6AA-A3462EC5C3F0}.Release|Any CPU.ActiveCfg = Release|Any CPU
		{8C341C73-3E3E-4A4D-B6AA-A3462EC5C3F0}.Release|Any CPU.Build.0 = Release|Any CPU
		{71F511EA-0B41-40D0-BC5C-0407E24A91E9}.Debug|Any CPU.ActiveCfg = Debug|Any CPU
		{71F511EA-0B41-40D0-BC5C-0407E24A91E9}.Debug|Any CPU.Build.0 = Debug|Any CPU
		{71F511EA-0B41-40D0-BC5C-0407E24A91E9}.Release|Any CPU.ActiveCfg = Release|Any CPU
		{71F511EA-0B41-40D0-BC5C-0407E24A91E9}.Release|Any CPU.Build.0 = Release|Any CPU
		{9DA22853-DDBA-440C-9967-894D184D9F73}.Debug|Any CPU.ActiveCfg = Debug|Any CPU
		{9DA22853-DDBA-440C-9967-894D184D9F73}.Debug|Any CPU.Build.0 = Debug|Any CPU
		{9DA22853-DDBA-440C-9967-894D184D9F73}.Release|Any CPU.ActiveCfg = Release|Any CPU
		{9DA22853-DDBA-440C-9967-894D184D9F73}.Release|Any CPU.Build.0 = Release|Any CPU
		{92CEB9A9-9A30-4376-A66C-C93E6935CFA2}.Debug|Any CPU.ActiveCfg = Debug|Any CPU
		{92CEB9A9-9A30-4376-A66C-C93E6935CFA2}.Debug|Any CPU.Build.0 = Debug|Any CPU
		{92CEB9A9-9A30-4376-A66C-C93E6935CFA2}.Release|Any CPU.ActiveCfg = Release|Any CPU
		{92CEB9A9-9A30-4376-A66C-C93E6935CFA2}.Release|Any CPU.Build.0 = Release|Any CPU
		{F2CFC985-C069-45F4-875E-DE500CD7714B}.Debug|Any CPU.ActiveCfg = Debug|Any CPU
		{F2CFC985-C069-45F4-875E-DE500CD7714B}.Debug|Any CPU.Build.0 = Debug|Any CPU
		{F2CFC985-C069-45F4-875E-DE500CD7714B}.Release|Any CPU.ActiveCfg = Release|Any CPU
		{F2CFC985-C069-45F4-875E-DE500CD7714B}.Release|Any CPU.Build.0 = Release|Any CPU
		{392BA3AF-5E87-4683-B6B9-276691D97C9E}.Debug|Any CPU.ActiveCfg = Debug|Any CPU
		{392BA3AF-5E87-4683-B6B9-276691D97C9E}.Debug|Any CPU.Build.0 = Debug|Any CPU
		{392BA3AF-5E87-4683-B6B9-276691D97C9E}.Release|Any CPU.ActiveCfg = Release|Any CPU
		{392BA3AF-5E87-4683-B6B9-276691D97C9E}.Release|Any CPU.Build.0 = Release|Any CPU
	EndGlobalSection
	GlobalSection(SolutionProperties) = preSolution
		HideSolutionNode = FALSE
	EndGlobalSection
	GlobalSection(ExtensibilityGlobals) = postSolution
		SolutionGuid = {8B6D7BF3-9AF1-43EC-98B9-B06B045428A5}
	EndGlobalSection
EndGlobal
